
Microsoft Visual Studio Solution File, Format Version 12.00
# Visual Studio Version 17
VisualStudioVersion = 17.0.31410.414
MinimumVisualStudioVersion = 10.0.40219.1
Project("{9A19103F-16F7-4668-BE54-9A1E7A4F7556}") = "ClickTournament", "ClickTournament\ClickTournament.csproj", "{30BE36A1-A21D-4B63-B9D0-FC090B34D7A2}"
EndProject
Project("{9A19103F-16F7-4668-BE54-9A1E7A4F7556}") = "ClickTournament.Tests", "ClickTournament.Tests\ClickTournament.Tests.csproj", "{B69289EB-D4A0-4231-8ABD-1EFC0E9B79A2}"
EndProject
Project("{9A19103F-16F7-4668-BE54-9A1E7A4F7556}") = "ClickTournament.E2ETests", "ClickTournament.E2ETests\ClickTournament.E2ETests.csproj", "{46FD27C3-051C-4007-9843-849D3D5844F8}"
EndProject
Global
	GlobalSection(SolutionConfigurationPlatforms) = preSolution
		Debug|Any CPU = Debug|Any CPU
		Release|Any CPU = Release|Any CPU
	EndGlobalSection
	GlobalSection(ProjectConfigurationPlatforms) = postSolution
		{30BE36A1-A21D-4B63-B9D0-FC090B34D7A2}.Debug|Any CPU.ActiveCfg = Debug|Any CPU
		{30BE36A1-A21D-4B63-B9D0-FC090B34D7A2}.Debug|Any CPU.Build.0 = Debug|Any CPU
		{30BE36A1-A21D-4B63-B9D0-FC090B34D7A2}.Release|Any CPU.ActiveCfg = Release|Any CPU
		{30BE36A1-A21D-4B63-B9D0-FC090B34D7A2}.Release|Any CPU.Build.0 = Release|Any CPU
		{B69289EB-D4A0-4231-8ABD-1EFC0E9B79A2}.Debug|Any CPU.ActiveCfg = Debug|Any CPU
		{B69289EB-D4A0-4231-8ABD-1EFC0E9B79A2}.Debug|Any CPU.Build.0 = Debug|Any CPU
		{B69289EB-D4A0-4231-8ABD-1EFC0E9B79A2}.Release|Any CPU.ActiveCfg = Release|Any CPU
		{B69289EB-D4A0-4231-8ABD-1EFC0E9B79A2}.Release|Any CPU.Build.0 = Release|Any CPU
		{46FD27C3-051C-4007-9843-849D3D5844F8}.Debug|Any CPU.ActiveCfg = Debug|Any CPU
		{46FD27C3-051C-4007-9843-849D3D5844F8}.Debug|Any CPU.Build.0 = Debug|Any CPU
		{46FD27C3-051C-4007-9843-849D3D5844F8}.Release|Any CPU.ActiveCfg = Release|Any CPU
		{46FD27C3-051C-4007-9843-849D3D5844F8}.Release|Any CPU.Build.0 = Release|Any CPU
	EndGlobalSection
	GlobalSection(SolutionProperties) = preSolution
		HideSolutionNode = FALSE
	EndGlobalSection
	GlobalSection(ExtensibilityGlobals) = postSolution
		SolutionGuid = {D9EE902E-5072-419A-8466-B96D1B77F9BD}
	EndGlobalSection
EndGlobal
